
Microsoft Visual Studio Solution File, Format Version 12.00
# Visual Studio Version 17
VisualStudioVersion = 17.0.31919.166
MinimumVisualStudioVersion = 10.0.40219.1
Project("{2150E333-8FDC-42A3-9474-1A3956D46DE8}") = "src", "src", "{10A2813D-C970-4F6F-9A59-94F7C972257F}"
EndProject
Project("{2150E333-8FDC-42A3-9474-1A3956D46DE8}") = "build", "build", "{C4C50D71-6AAC-45A9-9257-5D02A42B61DC}"
	ProjectSection(SolutionItems) = preProject
		build\Copyright.props = build\Copyright.props
		build\NetFX.targets = build\NetFX.targets
		build\version.json = build\version.json
	EndProjectSection
EndProject
Project("{2150E333-8FDC-42A3-9474-1A3956D46DE8}") = "common", "common", "{0390FA5C-0123-44B7-A7E9-794A9582CD41}"
	ProjectSection(SolutionItems) = preProject
		.editorconfig = .editorconfig
		.gitattributes = .gitattributes
		.gitignore = .gitignore
		build.cake = build.cake
		build.ps1 = build.ps1
		Directory.Build.props = Directory.Build.props
		Directory.Build.targets = Directory.Build.targets
		Directory.Packages.props = Directory.Packages.props
		README.md = README.md
	EndProjectSection
EndProject
Project("{2150E333-8FDC-42A3-9474-1A3956D46DE8}") = "test", "test", "{ADFADB4B-0729-40E6-B241-6E1B89A8731C}"
	ProjectSection(SolutionItems) = preProject
		test\Directory.Build.props = test\Directory.Build.props
	EndProjectSection
EndProject
Project("{2150E333-8FDC-42A3-9474-1A3956D46DE8}") = "samples", "samples", "{9EC81ADF-5CE2-4140-96BC-958CB9E0365C}"
	ProjectSection(SolutionItems) = preProject
		samples\Directory.Build.props = samples\Directory.Build.props
	EndProjectSection
EndProject
Project("{9A19103F-16F7-4668-BE54-9A1E7A4F7556}") = "JsonTimeSeriesExtractor", "src\JsonTimeSeriesExtractor\JsonTimeSeriesExtractor.csproj", "{85A1F3F5-7F65-4800-BCFB-7A0EE1F90E3D}"
EndProject
Project("{9A19103F-16F7-4668-BE54-9A1E7A4F7556}") = "JsonTimeSeriesExtractor.Tests", "test\JsonTimeSeriesExtractor.Tests\JsonTimeSeriesExtractor.Tests.csproj", "{1B00A4C2-E3CF-4599-BEFC-8393FF83CB80}"
EndProject
Global
	GlobalSection(SolutionConfigurationPlatforms) = preSolution
		Debug|Any CPU = Debug|Any CPU
		Release|Any CPU = Release|Any CPU
	EndGlobalSection
	GlobalSection(ProjectConfigurationPlatforms) = postSolution
		{85A1F3F5-7F65-4800-BCFB-7A0EE1F90E3D}.Debug|Any CPU.ActiveCfg = Debug|Any CPU
		{85A1F3F5-7F65-4800-BCFB-7A0EE1F90E3D}.Debug|Any CPU.Build.0 = Debug|Any CPU
		{85A1F3F5-7F65-4800-BCFB-7A0EE1F90E3D}.Release|Any CPU.ActiveCfg = Release|Any CPU
		{85A1F3F5-7F65-4800-BCFB-7A0EE1F90E3D}.Release|Any CPU.Build.0 = Release|Any CPU
		{1B00A4C2-E3CF-4599-BEFC-8393FF83CB80}.Debug|Any CPU.ActiveCfg = Debug|Any CPU
		{1B00A4C2-E3CF-4599-BEFC-8393FF83CB80}.Debug|Any CPU.Build.0 = Debug|Any CPU
		{1B00A4C2-E3CF-4599-BEFC-8393FF83CB80}.Release|Any CPU.ActiveCfg = Release|Any CPU
		{1B00A4C2-E3CF-4599-BEFC-8393FF83CB80}.Release|Any CPU.Build.0 = Release|Any CPU
	EndGlobalSection
	GlobalSection(SolutionProperties) = preSolution
		HideSolutionNode = FALSE
	EndGlobalSection
	GlobalSection(NestedProjects) = preSolution
		{85A1F3F5-7F65-4800-BCFB-7A0EE1F90E3D} = {10A2813D-C970-4F6F-9A59-94F7C972257F}
		{1B00A4C2-E3CF-4599-BEFC-8393FF83CB80} = {ADFADB4B-0729-40E6-B241-6E1B89A8731C}
	EndGlobalSection
	GlobalSection(ExtensibilityGlobals) = postSolution
		SolutionGuid = {94DF2EE3-033D-46CD-9EC3-7BC808B13372}
	EndGlobalSection
EndGlobal
